// !$*UTF8*$!
{
	archiveVersion = 1;
	classes = {
	};
	objectVersion = 50;
	objects = {

/* Begin PBXBuildFile section */
		8439740A220F1F7500485B5B /* SwiftQrCodeScanner.framework in Frameworks */ = {isa = PBXBuildFile; fileRef = 84397400220F1F7500485B5B /* SwiftQrCodeScanner.framework */; };
		8439740F220F1F7500485B5B /* SwiftQrCodeScannerTests.swift in Sources */ = {isa = PBXBuildFile; fileRef = 8439740E220F1F7500485B5B /* SwiftQrCodeScannerTests.swift */; };
		84397411220F1F7500485B5B /* SwiftQrCodeScanner.h in Headers */ = {isa = PBXBuildFile; fileRef = 84397403220F1F7500485B5B /* SwiftQrCodeScanner.h */; settings = {ATTRIBUTES = (Public, ); }; };
		84397423220F209D00485B5B /* QRCodeScannerViewControllerDelegate.swift in Sources */ = {isa = PBXBuildFile; fileRef = 8439741B220F209D00485B5B /* QRCodeScannerViewControllerDelegate.swift */; };
		84397424220F209D00485B5B /* QRCodeScannerViewController.swift in Sources */ = {isa = PBXBuildFile; fileRef = 8439741C220F209D00485B5B /* QRCodeScannerViewController.swift */; };
		84397425220F209D00485B5B /* QRCodeScanner.swift in Sources */ = {isa = PBXBuildFile; fileRef = 8439741E220F209D00485B5B /* QRCodeScanner.swift */; };
		84397426220F209D00485B5B /* QRCodeScannerResult.swift in Sources */ = {isa = PBXBuildFile; fileRef = 8439741F220F209D00485B5B /* QRCodeScannerResult.swift */; };
		84397427220F209D00485B5B /* QRCodeScannerView.swift in Sources */ = {isa = PBXBuildFile; fileRef = 84397421220F209D00485B5B /* QRCodeScannerView.swift */; };
		84397428220F209D00485B5B /* ScannerOverlayView.swift in Sources */ = {isa = PBXBuildFile; fileRef = 84397422220F209D00485B5B /* ScannerOverlayView.swift */; };
/* End PBXBuildFile section */

/* Begin PBXContainerItemProxy section */
		8439740B220F1F7500485B5B /* PBXContainerItemProxy */ = {
			isa = PBXContainerItemProxy;
			containerPortal = 843973F7220F1F7500485B5B /* Project object */;
			proxyType = 1;
			remoteGlobalIDString = 843973FF220F1F7500485B5B;
			remoteInfo = SwiftQrCodeScanner;
		};
/* End PBXContainerItemProxy section */

/* Begin PBXFileReference section */
		84397400220F1F7500485B5B /* SwiftQrCodeScanner.framework */ = {isa = PBXFileReference; explicitFileType = wrapper.framework; includeInIndex = 0; path = SwiftQrCodeScanner.framework; sourceTree = BUILT_PRODUCTS_DIR; };
		84397403220F1F7500485B5B /* SwiftQrCodeScanner.h */ = {isa = PBXFileReference; lastKnownFileType = sourcecode.c.h; path = SwiftQrCodeScanner.h; sourceTree = "<group>"; };
		84397404220F1F7500485B5B /* Info.plist */ = {isa = PBXFileReference; lastKnownFileType = text.plist.xml; path = Info.plist; sourceTree = "<group>"; };
		84397409220F1F7500485B5B /* SwiftQrCodeScannerTests.xctest */ = {isa = PBXFileReference; explicitFileType = wrapper.cfbundle; includeInIndex = 0; path = SwiftQrCodeScannerTests.xctest; sourceTree = BUILT_PRODUCTS_DIR; };
		8439740E220F1F7500485B5B /* SwiftQrCodeScannerTests.swift */ = {isa = PBXFileReference; lastKnownFileType = sourcecode.swift; path = SwiftQrCodeScannerTests.swift; sourceTree = "<group>"; };
		84397410220F1F7500485B5B /* Info.plist */ = {isa = PBXFileReference; lastKnownFileType = text.plist.xml; path = Info.plist; sourceTree = "<group>"; };
		8439741B220F209D00485B5B /* QRCodeScannerViewControllerDelegate.swift */ = {isa = PBXFileReference; fileEncoding = 4; lastKnownFileType = sourcecode.swift; path = QRCodeScannerViewControllerDelegate.swift; sourceTree = "<group>"; };
		8439741C220F209D00485B5B /* QRCodeScannerViewController.swift */ = {isa = PBXFileReference; fileEncoding = 4; lastKnownFileType = sourcecode.swift; path = QRCodeScannerViewController.swift; sourceTree = "<group>"; };
		8439741E220F209D00485B5B /* QRCodeScanner.swift */ = {isa = PBXFileReference; fileEncoding = 4; lastKnownFileType = sourcecode.swift; path = QRCodeScanner.swift; sourceTree = "<group>"; };
		8439741F220F209D00485B5B /* QRCodeScannerResult.swift */ = {isa = PBXFileReference; fileEncoding = 4; lastKnownFileType = sourcecode.swift; path = QRCodeScannerResult.swift; sourceTree = "<group>"; };
		84397421220F209D00485B5B /* QRCodeScannerView.swift */ = {isa = PBXFileReference; fileEncoding = 4; lastKnownFileType = sourcecode.swift; path = QRCodeScannerView.swift; sourceTree = "<group>"; };
		84397422220F209D00485B5B /* ScannerOverlayView.swift */ = {isa = PBXFileReference; fileEncoding = 4; lastKnownFileType = sourcecode.swift; path = ScannerOverlayView.swift; sourceTree = "<group>"; };
/* End PBXFileReference section */

/* Begin PBXFrameworksBuildPhase section */
		843973FD220F1F7500485B5B /* Frameworks */ = {
			isa = PBXFrameworksBuildPhase;
			buildActionMask = 2147483647;
			files = (
			);
			runOnlyForDeploymentPostprocessing = 0;
		};
		84397406220F1F7500485B5B /* Frameworks */ = {
			isa = PBXFrameworksBuildPhase;
			buildActionMask = 2147483647;
			files = (
				8439740A220F1F7500485B5B /* SwiftQrCodeScanner.framework in Frameworks */,
			);
			runOnlyForDeploymentPostprocessing = 0;
		};
/* End PBXFrameworksBuildPhase section */

/* Begin PBXGroup section */
		843973F6220F1F7500485B5B = {
			isa = PBXGroup;
			children = (
				84397402220F1F7500485B5B /* SwiftQrCodeScanner */,
				8439740D220F1F7500485B5B /* SwiftQrCodeScannerTests */,
				84397401220F1F7500485B5B /* Products */,
			);
			sourceTree = "<group>";
		};
		84397401220F1F7500485B5B /* Products */ = {
			isa = PBXGroup;
			children = (
				84397400220F1F7500485B5B /* SwiftQrCodeScanner.framework */,
				84397409220F1F7500485B5B /* SwiftQrCodeScannerTests.xctest */,
			);
			name = Products;
			sourceTree = "<group>";
		};
		84397402220F1F7500485B5B /* SwiftQrCodeScanner */ = {
			isa = PBXGroup;
			children = (
				8439741D220F209D00485B5B /* Scanner */,
				84397420220F209D00485B5B /* ScannerView */,
				8439741A220F209D00485B5B /* ScannerViewController */,
				84397403220F1F7500485B5B /* SwiftQrCodeScanner.h */,
				84397404220F1F7500485B5B /* Info.plist */,
			);
			path = SwiftQrCodeScanner;
			sourceTree = "<group>";
		};
		8439740D220F1F7500485B5B /* SwiftQrCodeScannerTests */ = {
			isa = PBXGroup;
			children = (
				8439740E220F1F7500485B5B /* SwiftQrCodeScannerTests.swift */,
				84397410220F1F7500485B5B /* Info.plist */,
			);
			path = SwiftQrCodeScannerTests;
			sourceTree = "<group>";
		};
		8439741A220F209D00485B5B /* ScannerViewController */ = {
			isa = PBXGroup;
			children = (
				8439741B220F209D00485B5B /* QRCodeScannerViewControllerDelegate.swift */,
				8439741C220F209D00485B5B /* QRCodeScannerViewController.swift */,
			);
			path = ScannerViewController;
			sourceTree = "<group>";
		};
		8439741D220F209D00485B5B /* Scanner */ = {
			isa = PBXGroup;
			children = (
				8439741E220F209D00485B5B /* QRCodeScanner.swift */,
				8439741F220F209D00485B5B /* QRCodeScannerResult.swift */,
			);
			path = Scanner;
			sourceTree = "<group>";
		};
		84397420220F209D00485B5B /* ScannerView */ = {
			isa = PBXGroup;
			children = (
				84397421220F209D00485B5B /* QRCodeScannerView.swift */,
				84397422220F209D00485B5B /* ScannerOverlayView.swift */,
			);
			path = ScannerView;
			sourceTree = "<group>";
		};
/* End PBXGroup section */

/* Begin PBXHeadersBuildPhase section */
		843973FB220F1F7500485B5B /* Headers */ = {
			isa = PBXHeadersBuildPhase;
			buildActionMask = 2147483647;
			files = (
				84397411220F1F7500485B5B /* SwiftQrCodeScanner.h in Headers */,
			);
			runOnlyForDeploymentPostprocessing = 0;
		};
/* End PBXHeadersBuildPhase section */

/* Begin PBXNativeTarget section */
		843973FF220F1F7500485B5B /* SwiftQrCodeScanner */ = {
			isa = PBXNativeTarget;
			buildConfigurationList = 84397414220F1F7500485B5B /* Build configuration list for PBXNativeTarget "SwiftQrCodeScanner" */;
			buildPhases = (
				843973FB220F1F7500485B5B /* Headers */,
				843973FC220F1F7500485B5B /* Sources */,
				843973FD220F1F7500485B5B /* Frameworks */,
				843973FE220F1F7500485B5B /* Resources */,
			);
			buildRules = (
			);
			dependencies = (
			);
			name = SwiftQrCodeScanner;
			productName = SwiftQrCodeScanner;
			productReference = 84397400220F1F7500485B5B /* SwiftQrCodeScanner.framework */;
			productType = "com.apple.product-type.framework";
		};
		84397408220F1F7500485B5B /* SwiftQrCodeScannerTests */ = {
			isa = PBXNativeTarget;
			buildConfigurationList = 84397417220F1F7500485B5B /* Build configuration list for PBXNativeTarget "SwiftQrCodeScannerTests" */;
			buildPhases = (
				84397405220F1F7500485B5B /* Sources */,
				84397406220F1F7500485B5B /* Frameworks */,
				84397407220F1F7500485B5B /* Resources */,
			);
			buildRules = (
			);
			dependencies = (
				8439740C220F1F7500485B5B /* PBXTargetDependency */,
			);
			name = SwiftQrCodeScannerTests;
			productName = SwiftQrCodeScannerTests;
			productReference = 84397409220F1F7500485B5B /* SwiftQrCodeScannerTests.xctest */;
			productType = "com.apple.product-type.bundle.unit-test";
		};
/* End PBXNativeTarget section */

/* Begin PBXProject section */
		843973F7220F1F7500485B5B /* Project object */ = {
			isa = PBXProject;
			attributes = {
				LastSwiftUpdateCheck = 1010;
				LastUpgradeCheck = 1010;
				ORGANIZATIONNAME = Manish;
				TargetAttributes = {
					843973FF220F1F7500485B5B = {
						CreatedOnToolsVersion = 10.1;
					};
					84397408220F1F7500485B5B = {
						CreatedOnToolsVersion = 10.1;
					};
				};
			};
			buildConfigurationList = 843973FA220F1F7500485B5B /* Build configuration list for PBXProject "SwiftQrCodeScanner" */;
			compatibilityVersion = "Xcode 9.3";
			developmentRegion = en;
			hasScannedForEncodings = 0;
			knownRegions = (
				en,
			);
			mainGroup = 843973F6220F1F7500485B5B;
			productRefGroup = 84397401220F1F7500485B5B /* Products */;
			projectDirPath = "";
			projectRoot = "";
			targets = (
				843973FF220F1F7500485B5B /* SwiftQrCodeScanner */,
				84397408220F1F7500485B5B /* SwiftQrCodeScannerTests */,
			);
		};
/* End PBXProject section */

/* Begin PBXResourcesBuildPhase section */
		843973FE220F1F7500485B5B /* Resources */ = {
			isa = PBXResourcesBuildPhase;
			buildActionMask = 2147483647;
			files = (
			);
			runOnlyForDeploymentPostprocessing = 0;
		};
		84397407220F1F7500485B5B /* Resources */ = {
			isa = PBXResourcesBuildPhase;
			buildActionMask = 2147483647;
			files = (
			);
			runOnlyForDeploymentPostprocessing = 0;
		};
/* End PBXResourcesBuildPhase section */

/* Begin PBXSourcesBuildPhase section */
		843973FC220F1F7500485B5B /* Sources */ = {
			isa = PBXSourcesBuildPhase;
			buildActionMask = 2147483647;
			files = (
				84397423220F209D00485B5B /* QRCodeScannerViewControllerDelegate.swift in Sources */,
				84397424220F209D00485B5B /* QRCodeScannerViewController.swift in Sources */,
				84397425220F209D00485B5B /* QRCodeScanner.swift in Sources */,
				84397426220F209D00485B5B /* QRCodeScannerResult.swift in Sources */,
				84397428220F209D00485B5B /* ScannerOverlayView.swift in Sources */,
				84397427220F209D00485B5B /* QRCodeScannerView.swift in Sources */,
			);
			runOnlyForDeploymentPostprocessing = 0;
		};
		84397405220F1F7500485B5B /* Sources */ = {
			isa = PBXSourcesBuildPhase;
			buildActionMask = 2147483647;
			files = (
				8439740F220F1F7500485B5B /* SwiftQrCodeScannerTests.swift in Sources */,
			);
			runOnlyForDeploymentPostprocessing = 0;
		};
/* End PBXSourcesBuildPhase section */

/* Begin PBXTargetDependency section */
		8439740C220F1F7500485B5B /* PBXTargetDependency */ = {
			isa = PBXTargetDependency;
			target = 843973FF220F1F7500485B5B /* SwiftQrCodeScanner */;
			targetProxy = 8439740B220F1F7500485B5B /* PBXContainerItemProxy */;
		};
/* End PBXTargetDependency section */

/* Begin XCBuildConfiguration section */
		84397412220F1F7500485B5B /* Debug */ = {
			isa = XCBuildConfiguration;
			buildSettings = {
				ALWAYS_SEARCH_USER_PATHS = NO;
				CLANG_ANALYZER_NONNULL = YES;
				CLANG_ANALYZER_NUMBER_OBJECT_CONVERSION = YES_AGGRESSIVE;
				CLANG_CXX_LANGUAGE_STANDARD = "gnu++14";
				CLANG_CXX_LIBRARY = "libc++";
				CLANG_ENABLE_MODULES = YES;
				CLANG_ENABLE_OBJC_ARC = YES;
				CLANG_ENABLE_OBJC_WEAK = YES;
				CLANG_WARN_BLOCK_CAPTURE_AUTORELEASING = YES;
				CLANG_WARN_BOOL_CONVERSION = YES;
				CLANG_WARN_COMMA = YES;
				CLANG_WARN_CONSTANT_CONVERSION = YES;
				CLANG_WARN_DEPRECATED_OBJC_IMPLEMENTATIONS = YES;
				CLANG_WARN_DIRECT_OBJC_ISA_USAGE = YES_ERROR;
				CLANG_WARN_DOCUMENTATION_COMMENTS = YES;
				CLANG_WARN_EMPTY_BODY = YES;
				CLANG_WARN_ENUM_CONVERSION = YES;
				CLANG_WARN_INFINITE_RECURSION = YES;
				CLANG_WARN_INT_CONVERSION = YES;
				CLANG_WARN_NON_LITERAL_NULL_CONVERSION = YES;
				CLANG_WARN_OBJC_IMPLICIT_RETAIN_SELF = YES;
				CLANG_WARN_OBJC_LITERAL_CONVERSION = YES;
				CLANG_WARN_OBJC_ROOT_CLASS = YES_ERROR;
				CLANG_WARN_RANGE_LOOP_ANALYSIS = YES;
				CLANG_WARN_STRICT_PROTOTYPES = YES;
				CLANG_WARN_SUSPICIOUS_MOVE = YES;
				CLANG_WARN_UNGUARDED_AVAILABILITY = YES_AGGRESSIVE;
				CLANG_WARN_UNREACHABLE_CODE = YES;
				CLANG_WARN__DUPLICATE_METHOD_MATCH = YES;
				CODE_SIGN_IDENTITY = "iPhone Developer";
				COPY_PHASE_STRIP = NO;
				CURRENT_PROJECT_VERSION = 1;
				DEBUG_INFORMATION_FORMAT = dwarf;
				ENABLE_STRICT_OBJC_MSGSEND = YES;
				ENABLE_TESTABILITY = YES;
				GCC_C_LANGUAGE_STANDARD = gnu11;
				GCC_DYNAMIC_NO_PIC = NO;
				GCC_NO_COMMON_BLOCKS = YES;
				GCC_OPTIMIZATION_LEVEL = 0;
				GCC_PREPROCESSOR_DEFINITIONS = (
					"DEBUG=1",
					"$(inherited)",
				);
				GCC_WARN_64_TO_32_BIT_CONVERSION = YES;
				GCC_WARN_ABOUT_RETURN_TYPE = YES_ERROR;
				GCC_WARN_UNDECLARED_SELECTOR = YES;
				GCC_WARN_UNINITIALIZED_AUTOS = YES_AGGRESSIVE;
				GCC_WARN_UNUSED_FUNCTION = YES;
				GCC_WARN_UNUSED_VARIABLE = YES;
				IPHONEOS_DEPLOYMENT_TARGET = 10.0;
				MTL_ENABLE_DEBUG_INFO = INCLUDE_SOURCE;
				MTL_FAST_MATH = YES;
				ONLY_ACTIVE_ARCH = YES;
				SDKROOT = iphoneos;
				SWIFT_ACTIVE_COMPILATION_CONDITIONS = DEBUG;
				SWIFT_OPTIMIZATION_LEVEL = "-Onone";
				VERSIONING_SYSTEM = "apple-generic";
				VERSION_INFO_PREFIX = "";
			};
			name = Debug;
		};
		84397413220F1F7500485B5B /* Release */ = {
			isa = XCBuildConfiguration;
			buildSettings = {
				ALWAYS_SEARCH_USER_PATHS = NO;
				CLANG_ANALYZER_NONNULL = YES;
				CLANG_ANALYZER_NUMBER_OBJECT_CONVERSION = YES_AGGRESSIVE;
				CLANG_CXX_LANGUAGE_STANDARD = "gnu++14";
				CLANG_CXX_LIBRARY = "libc++";
				CLANG_ENABLE_MODULES = YES;
				CLANG_ENABLE_OBJC_ARC = YES;
				CLANG_ENABLE_OBJC_WEAK = YES;
				CLANG_WARN_BLOCK_CAPTURE_AUTORELEASING = YES;
				CLANG_WARN_BOOL_CONVERSION = YES;
				CLANG_WARN_COMMA = YES;
				CLANG_WARN_CONSTANT_CONVERSION = YES;
				CLANG_WARN_DEPRECATED_OBJC_IMPLEMENTATIONS = YES;
				CLANG_WARN_DIRECT_OBJC_ISA_USAGE = YES_ERROR;
				CLANG_WARN_DOCUMENTATION_COMMENTS = YES;
				CLANG_WARN_EMPTY_BODY = YES;
				CLANG_WARN_ENUM_CONVERSION = YES;
				CLANG_WARN_INFINITE_RECURSION = YES;
				CLANG_WARN_INT_CONVERSION = YES;
				CLANG_WARN_NON_LITERAL_NULL_CONVERSION = YES;
				CLANG_WARN_OBJC_IMPLICIT_RETAIN_SELF = YES;
				CLANG_WARN_OBJC_LITERAL_CONVERSION = YES;
				CLANG_WARN_OBJC_ROOT_CLASS = YES_ERROR;
				CLANG_WARN_RANGE_LOOP_ANALYSIS = YES;
				CLANG_WARN_STRICT_PROTOTYPES = YES;
				CLANG_WARN_SUSPICIOUS_MOVE = YES;
				CLANG_WARN_UNGUARDED_AVAILABILITY = YES_AGGRESSIVE;
				CLANG_WARN_UNREACHABLE_CODE = YES;
				CLANG_WARN__DUPLICATE_METHOD_MATCH = YES;
				CODE_SIGN_IDENTITY = "iPhone Developer";
				COPY_PHASE_STRIP = NO;
				CURRENT_PROJECT_VERSION = 1;
				DEBUG_INFORMATION_FORMAT = "dwarf-with-dsym";
				ENABLE_NS_ASSERTIONS = NO;
				ENABLE_STRICT_OBJC_MSGSEND = YES;
				GCC_C_LANGUAGE_STANDARD = gnu11;
				GCC_NO_COMMON_BLOCKS = YES;
				GCC_WARN_64_TO_32_BIT_CONVERSION = YES;
				GCC_WARN_ABOUT_RETURN_TYPE = YES_ERROR;
				GCC_WARN_UNDECLARED_SELECTOR = YES;
				GCC_WARN_UNINITIALIZED_AUTOS = YES_AGGRESSIVE;
				GCC_WARN_UNUSED_FUNCTION = YES;
				GCC_WARN_UNUSED_VARIABLE = YES;
				IPHONEOS_DEPLOYMENT_TARGET = 10.0;
				MTL_ENABLE_DEBUG_INFO = NO;
				MTL_FAST_MATH = YES;
				SDKROOT = iphoneos;
				SWIFT_COMPILATION_MODE = wholemodule;
				SWIFT_OPTIMIZATION_LEVEL = "-O";
				VALIDATE_PRODUCT = YES;
				VERSIONING_SYSTEM = "apple-generic";
				VERSION_INFO_PREFIX = "";
			};
			name = Release;
		};
		84397415220F1F7500485B5B /* Debug */ = {
			isa = XCBuildConfiguration;
			buildSettings = {
				CODE_SIGN_IDENTITY = "";
				CODE_SIGN_STYLE = Automatic;
				DEFINES_MODULE = YES;
				DYLIB_COMPATIBILITY_VERSION = 1;
				DYLIB_CURRENT_VERSION = 1;
				DYLIB_INSTALL_NAME_BASE = "@rpath";
				INFOPLIST_FILE = SwiftQrCodeScanner/Info.plist;
				INSTALL_PATH = "$(LOCAL_LIBRARY_DIR)/Frameworks";
				IPHONEOS_DEPLOYMENT_TARGET = 10.0;
				LD_RUNPATH_SEARCH_PATHS = (
					"$(inherited)",
					"@executable_path/Frameworks",
					"@loader_path/Frameworks",
				);
				PRODUCT_BUNDLE_IDENTIFIER = com.manish.SwiftQrCodeScanner;
				PRODUCT_NAME = "$(TARGET_NAME:c99extidentifier)";
				SKIP_INSTALL = YES;
				SWIFT_VERSION = 4.2;
				TARGETED_DEVICE_FAMILY = "1,2";
			};
			name = Debug;
		};
		84397416220F1F7500485B5B /* Release */ = {
			isa = XCBuildConfiguration;
			buildSettings = {
				CODE_SIGN_IDENTITY = "";
				CODE_SIGN_STYLE = Automatic;
				DEFINES_MODULE = YES;
				DYLIB_COMPATIBILITY_VERSION = 1;
				DYLIB_CURRENT_VERSION = 1;
				DYLIB_INSTALL_NAME_BASE = "@rpath";
				INFOPLIST_FILE = SwiftQrCodeScanner/Info.plist;
				INSTALL_PATH = "$(LOCAL_LIBRARY_DIR)/Frameworks";
				IPHONEOS_DEPLOYMENT_TARGET = 10.0;
				LD_RUNPATH_SEARCH_PATHS = (
					"$(inherited)",
					"@executable_path/Frameworks",
					"@loader_path/Frameworks",
				);
				PRODUCT_BUNDLE_IDENTIFIER = com.manish.SwiftQrCodeScanner;
				PRODUCT_NAME = "$(TARGET_NAME:c99extidentifier)";
				SKIP_INSTALL = YES;
				SWIFT_VERSION = 4.2;
				TARGETED_DEVICE_FAMILY = "1,2";
			};
			name = Release;
		};
		84397418220F1F7500485B5B /* Debug */ = {
			isa = XCBuildConfiguration;
			buildSettings = {
				ALWAYS_EMBED_SWIFT_STANDARD_LIBRARIES = YES;
				CODE_SIGN_STYLE = Automatic;
				INFOPLIST_FILE = SwiftQrCodeScannerTests/Info.plist;
				LD_RUNPATH_SEARCH_PATHS = (
					"$(inherited)",
					"@executable_path/Frameworks",
					"@loader_path/Frameworks",
				);
				PRODUCT_BUNDLE_IDENTIFIER = com.manish.SwiftQrCodeScannerTests;
				PRODUCT_NAME = "$(TARGET_NAME)";
				SWIFT_VERSION = 4.2;
				TARGETED_DEVICE_FAMILY = "1,2";
			};
			name = Debug;
		};
		84397419220F1F7500485B5B /* Release */ = {
			isa = XCBuildConfiguration;
			buildSettings = {
				ALWAYS_EMBED_SWIFT_STANDARD_LIBRARIES = YES;
				CODE_SIGN_STYLE = Automatic;
				INFOPLIST_FILE = SwiftQrCodeScannerTests/Info.plist;
				LD_RUNPATH_SEARCH_PATHS = (
					"$(inherited)",
					"@executable_path/Frameworks",
					"@loader_path/Frameworks",
				);
				PRODUCT_BUNDLE_IDENTIFIER = com.manish.SwiftQrCodeScannerTests;
				PRODUCT_NAME = "$(TARGET_NAME)";
				SWIFT_VERSION = 4.2;
				TARGETED_DEVICE_FAMILY = "1,2";
			};
			name = Release;
		};
/* End XCBuildConfiguration section */

/* Begin XCConfigurationList section */
		843973FA220F1F7500485B5B /* Build configuration list for PBXProject "SwiftQrCodeScanner" */ = {
			isa = XCConfigurationList;
			buildConfigurations = (
				84397412220F1F7500485B5B /* Debug */,
				84397413220F1F7500485B5B /* Release */,
			);
			defaultConfigurationIsVisible = 0;
			defaultConfigurationName = Release;
		};
		84397414220F1F7500485B5B /* Build configuration list for PBXNativeTarget "SwiftQrCodeScanner" */ = {
			isa = XCConfigurationList;
			buildConfigurations = (
				84397415220F1F7500485B5B /* Debug */,
				84397416220F1F7500485B5B /* Release */,
			);
			defaultConfigurationIsVisible = 0;
			defaultConfigurationName = Release;
		};
		84397417220F1F7500485B5B /* Build configuration list for PBXNativeTarget "SwiftQrCodeScannerTests" */ = {
			isa = XCConfigurationList;
			buildConfigurations = (
				84397418220F1F7500485B5B /* Debug */,
				84397419220F1F7500485B5B /* Release */,
			);
			defaultConfigurationIsVisible = 0;
			defaultConfigurationName = Release;
		};
/* End XCConfigurationList section */
	};
	rootObject = 843973F7220F1F7500485B5B /* Project object */;
}
